
Microsoft Visual Studio Solution File, Format Version 12.00
# Visual Studio Version 17
VisualStudioVersion = 17.11.35327.3
MinimumVisualStudioVersion = 10.0.40219.1
Project("{FAE04EC0-301F-11D3-BF4B-00C04F79EFBC}") = "Calculator", "Calculator\Calculator.csproj", "{C8C00BB7-6008-469B-AD1E-D0134C7E9982}"
EndProject
Global
	GlobalSection(SolutionConfigurationPlatforms) = preSolution
		Debug|Any CPU = Debug|Any CPU
		Release|Any CPU = Release|Any CPU
	EndGlobalSection
	GlobalSection(ProjectConfigurationPlatforms) = postSolution
		{C8C00BB7-6008-469B-AD1E-D0134C7E9982}.Debug|Any CPU.ActiveCfg = Debug|Any CPU
		{C8C00BB7-6008-469B-AD1E-D0134C7E9982}.Debug|Any CPU.Build.0 = Debug|Any CPU
		{C8C00BB7-6008-469B-AD1E-D0134C7E9982}.Release|Any CPU.ActiveCfg = Release|Any CPU
		{C8C00BB7-6008-469B-AD1E-D0134C7E9982}.Release|Any CPU.Build.0 = Release|Any CPU
	EndGlobalSection
	GlobalSection(SolutionProperties) = preSolution
		HideSolutionNode = FALSE
	EndGlobalSection
	GlobalSection(ExtensibilityGlobals) = postSolution
		SolutionGuid = {8AC8481D-7AF1-4A01-9196-AC3B2F9643B5}
	EndGlobalSection
EndGlobal
